
Microsoft Visual Studio Solution File, Format Version 12.00
# Visual Studio Version 16
VisualStudioVersion = 16.0.30711.63
MinimumVisualStudioVersion = 10.0.40219.1
Project("{FAE04EC0-301F-11D3-BF4B-00C04F79EFBC}") = "azure-hsm-signing", "azure-hsm-signing.csproj", "{1D49E30A-C6D7-484E-B0C6-13F7371E0838}"
EndProject
Global
	GlobalSection(SolutionConfigurationPlatforms) = preSolution
		Debug|Any CPU = Debug|Any CPU
		Release|Any CPU = Release|Any CPU
	EndGlobalSection
	GlobalSection(ProjectConfigurationPlatforms) = postSolution
		{1D49E30A-C6D7-484E-B0C6-13F7371E0838}.Debug|Any CPU.ActiveCfg = Debug|Any CPU
		{1D49E30A-C6D7-484E-B0C6-13F7371E0838}.Debug|Any CPU.Build.0 = Debug|Any CPU
		{1D49E30A-C6D7-484E-B0C6-13F7371E0838}.Release|Any CPU.ActiveCfg = Release|Any CPU
		{1D49E30A-C6D7-484E-B0C6-13F7371E0838}.Release|Any CPU.Build.0 = Release|Any CPU
	EndGlobalSection
	GlobalSection(SolutionProperties) = preSolution
		HideSolutionNode = FALSE
	EndGlobalSection
	GlobalSection(ExtensibilityGlobals) = postSolution
		SolutionGuid = {4C090455-6DE8-43C5-A882-50D660AE423A}
	EndGlobalSection
EndGlobal
